
Microsoft Visual Studio Solution File, Format Version 12.00
# Visual Studio Version 17
VisualStudioVersion = 17.9.34616.47
MinimumVisualStudioVersion = 10.0.40219.1
Project("{FAE04EC0-301F-11D3-BF4B-00C04F79EFBC}") = "W01_02", "W01_02\W01_02.csproj", "{A667BE78-A4CC-429A-8F8D-C5ECD8C7EB3F}"
EndProject
Global
	GlobalSection(SolutionConfigurationPlatforms) = preSolution
		Debug|Any CPU = Debug|Any CPU
		Release|Any CPU = Release|Any CPU
	EndGlobalSection
	GlobalSection(ProjectConfigurationPlatforms) = postSolution
		{A667BE78-A4CC-429A-8F8D-C5ECD8C7EB3F}.Debug|Any CPU.ActiveCfg = Debug|Any CPU
		{A667BE78-A4CC-429A-8F8D-C5ECD8C7EB3F}.Debug|Any CPU.Build.0 = Debug|Any CPU
		{A667BE78-A4CC-429A-8F8D-C5ECD8C7EB3F}.Release|Any CPU.ActiveCfg = Release|Any CPU
		{A667BE78-A4CC-429A-8F8D-C5ECD8C7EB3F}.Release|Any CPU.Build.0 = Release|Any CPU
	EndGlobalSection
	GlobalSection(SolutionProperties) = preSolution
		HideSolutionNode = FALSE
	EndGlobalSection
	GlobalSection(ExtensibilityGlobals) = postSolution
		SolutionGuid = {3D5FAAEB-4060-4D13-AB78-80CF8B8E0AF1}
	EndGlobalSection
EndGlobal
